
Microsoft Visual Studio Solution File, Format Version 12.00
# Visual Studio Version 16
VisualStudioVersion = 16.0.29728.190
MinimumVisualStudioVersion = 10.0.40219.1
Project("{FAE04EC0-301F-11D3-BF4B-00C04F79EFBC}") = "ParserConsoleApp", "ParserConsoleApp\ParserConsoleApp.csproj", "{16D82840-D258-4A50-A897-E670372AAD43}"
EndProject
Global
	GlobalSection(SolutionConfigurationPlatforms) = preSolution
		Debug|Any CPU = Debug|Any CPU
		Release|Any CPU = Release|Any CPU
	EndGlobalSection
	GlobalSection(ProjectConfigurationPlatforms) = postSolution
		{16D82840-D258-4A50-A897-E670372AAD43}.Debug|Any CPU.ActiveCfg = Debug|Any CPU
		{16D82840-D258-4A50-A897-E670372AAD43}.Debug|Any CPU.Build.0 = Debug|Any CPU
		{16D82840-D258-4A50-A897-E670372AAD43}.Release|Any CPU.ActiveCfg = Release|Any CPU
		{16D82840-D258-4A50-A897-E670372AAD43}.Release|Any CPU.Build.0 = Release|Any CPU
	EndGlobalSection
	GlobalSection(SolutionProperties) = preSolution
		HideSolutionNode = FALSE
	EndGlobalSection
	GlobalSection(ExtensibilityGlobals) = postSolution
		SolutionGuid = {E82362EF-624E-43BD-A99C-179EF8EA9CEC}
	EndGlobalSection
EndGlobal
